
Microsoft Visual Studio Solution File, Format Version 12.00
# Visual Studio 15
VisualStudioVersion = 15.0.27703.2035
MinimumVisualStudioVersion = 10.0.40219.1
Project("{9A19103F-16F7-4668-BE54-9A1E7A4F7556}") = "Library1C", "Library1C.csproj", "{F561C203-6A09-445A-B01D-222E375A6CB5}"
EndProject
Global
	GlobalSection(SolutionConfigurationPlatforms) = preSolution
		Debug|Any CPU = Debug|Any CPU
		Release|Any CPU = Release|Any CPU
	EndGlobalSection
	GlobalSection(ProjectConfigurationPlatforms) = postSolution
		{F561C203-6A09-445A-B01D-222E375A6CB5}.Debug|Any CPU.ActiveCfg = Debug|Any CPU
		{F561C203-6A09-445A-B01D-222E375A6CB5}.Debug|Any CPU.Build.0 = Debug|Any CPU
		{F561C203-6A09-445A-B01D-222E375A6CB5}.Release|Any CPU.ActiveCfg = Release|Any CPU
		{F561C203-6A09-445A-B01D-222E375A6CB5}.Release|Any CPU.Build.0 = Release|Any CPU
	EndGlobalSection
	GlobalSection(SolutionProperties) = preSolution
		HideSolutionNode = FALSE
	EndGlobalSection
	GlobalSection(ExtensibilityGlobals) = postSolution
		SolutionGuid = {E1AB0FF6-AE1C-4072-9A41-910D0CFB16FA}
	EndGlobalSection
EndGlobal
